
Microsoft Visual Studio Solution File, Format Version 12.00
# Visual Studio 15
VisualStudioVersion = 15.0.28010.2003
MinimumVisualStudioVersion = 10.0.40219.1
Project("{FAE04EC0-301F-11D3-BF4B-00C04F79EFBC}") = "NotebookAppApi", "NotebookAppApi\NotebookAppApi.csproj", "{46BAC2F8-6324-4227-8AAE-FAACD32BC576}"
EndProject
Global
	GlobalSection(SolutionConfigurationPlatforms) = preSolution
		Debug|Any CPU = Debug|Any CPU
		Release|Any CPU = Release|Any CPU
	EndGlobalSection
	GlobalSection(ProjectConfigurationPlatforms) = postSolution
		{46BAC2F8-6324-4227-8AAE-FAACD32BC576}.Debug|Any CPU.ActiveCfg = Debug|Any CPU
		{46BAC2F8-6324-4227-8AAE-FAACD32BC576}.Debug|Any CPU.Build.0 = Debug|Any CPU
		{46BAC2F8-6324-4227-8AAE-FAACD32BC576}.Release|Any CPU.ActiveCfg = Release|Any CPU
		{46BAC2F8-6324-4227-8AAE-FAACD32BC576}.Release|Any CPU.Build.0 = Release|Any CPU
	EndGlobalSection
	GlobalSection(SolutionProperties) = preSolution
		HideSolutionNode = FALSE
	EndGlobalSection
	GlobalSection(ExtensibilityGlobals) = postSolution
		SolutionGuid = {39B99D8B-5EBD-47B9-BE2B-7D6B18C3BF08}
	EndGlobalSection
EndGlobal
